<?xml version="1.0" encoding="utf-8"?>
<Project ToolsVersion="4.0" xmlns="http://schemas.microsoft.com/developer/msbuild/2003">
  <ItemGroup>
    <Filter Include="Source Files">
      <UniqueIdentifier>{4FC737F1-C7A5-4376-A066-2A32D752A2FF}</UniqueIdentifier>
      <Extensions>cpp;c;cc;cxx;c++;cppm;ixx;def;odl;idl;hpj;bat;asm;asmx</Extensions>
    </Filter>
    <Filter Include="Header Files">
      <UniqueIdentifier>{93995380-89BD-4b04-88EB-625FBE52EBFB}</UniqueIdentifier>
      <Extensions>h;hh;hpp;hxx;h++;hm;inl;inc;ipp;xsd</Extensions>
    </Filter>
    <Filter Include="Resource Files">
      <UniqueIdentifier>{67DA6AB6-F800-4c08-8B7A-83BB121AAD01}</UniqueIdentifier>
      <Extensions>rc;ico;cur;bmp;dlg;rc2;rct;bin;rgs;gif;jpg;jpeg;jpe;resx;tiff;tif;png;wav;mfcribbon-ms</Extensions>
    </Filter>
    <Filter Include="Header Files\Culegere Mate-Info">
      <UniqueIdentifier>{24fe988c-48b9-4afe-aba0-8c4c65bf7848}</UniqueIdentifier>
    </Filter>
    <Filter Include="Header Files\Probleme Extra">
      <UniqueIdentifier>{b69920cb-d590-4496-947e-c573ed5ee9af}</UniqueIdentifier>
    </Filter>
    <Filter Include="Header Files\Probleme Extra\Horner">
      <UniqueIdentifier>{49c2b4a1-8500-4fe7-bc65-a587ff0101ce}</UniqueIdentifier>
    </Filter>
    <Filter Include="Header Files\Probleme Extra\Subsecventa Suma Maxima">
      <UniqueIdentifier>{ee49655e-13e3-4259-a102-52a4924a69f7}</UniqueIdentifier>
    </Filter>
    <Filter Include="Header Files\Fise">
      <UniqueIdentifier>{e576ab3d-5b5f-438f-8736-a6a4f24daa57}</UniqueIdentifier>
    </Filter>
  </ItemGroup>
  <ItemGroup>
    <ClCompile Include="recapitulare-algoritmi-vectori.cpp">
      <Filter>Source Files</Filter>
    </ClCompile>
  </ItemGroup>
  <ItemGroup>
    <ClInclude Include="capitolul-cautari-de-elemente.h">
      <Filter>Header Files\Culegere Mate-Info</Filter>
    </ClInclude>
    <ClInclude Include="capitolul-maxime-si-minime.h">
      <Filter>Header Files\Culegere Mate-Info</Filter>
    </ClInclude>
    <ClInclude Include="capitolul-parcurgeri.h">
      <Filter>Header Files\Culegere Mate-Info</Filter>
    </ClInclude>
    <ClInclude Include="capitolul-sortari-si-interclasari.h">
      <Filter>Header Files\Culegere Mate-Info</Filter>
    </ClInclude>
    <ClInclude Include="capitolul-subsiruri-de-elemente.h">
      <Filter>Header Files\Culegere Mate-Info</Filter>
    </ClInclude>
    <ClInclude Include="fisa-vectori-1.h">
      <Filter>Header Files\Fise</Filter>
    </ClInclude>
    <ClInclude Include="problema-horner.h">
      <Filter>Header Files\Probleme Extra\Horner</Filter>
    </ClInclude>
    <ClInclude Include="problema-subsecventa-suma-maxima.h">
      <Filter>Header Files\Probleme Extra\Subsecventa Suma Maxima</Filter>
    </ClInclude>
    <ClInclude Include="fisa-vectori-2.h">
      <Filter>Header Files\Fise</Filter>
    </ClInclude>
  </ItemGroup>
  <ItemGroup>
    <Text Include="input.txt">
      <Filter>Resource Files</Filter>
    </Text>
  </ItemGroup>
</Project>